
Microsoft Visual Studio Solution File, Format Version 12.00
# Visual Studio Version 17
VisualStudioVersion = 17.4.33403.182
MinimumVisualStudioVersion = 10.0.40219.1
Project("{9A19103F-16F7-4668-BE54-9A1E7A4F7556}") = "OptocoderInventoryApi", "OptocoderInventoryApi\OptocoderInventoryApi.csproj", "{8C80AE85-2E57-4BEA-9495-F9CF6D397E00}"
EndProject
Project("{FAE04EC0-301F-11D3-BF4B-00C04F79EFBC}") = "OptocoderSalesApi", "OptocoderSalesApi\OptocoderSalesApi.csproj", "{24AD5F03-809F-48F3-B76E-5949486574C9}"
EndProject
Project("{FAE04EC0-301F-11D3-BF4B-00C04F79EFBC}") = "OptocoderApiGateway", "OptocoderApiGateway\OptocoderApiGateway.csproj", "{C3B80021-4514-46B3-91FA-10FDD9B5598E}"
EndProject
Global
	GlobalSection(SolutionConfigurationPlatforms) = preSolution
		Debug|Any CPU = Debug|Any CPU
		Release|Any CPU = Release|Any CPU
	EndGlobalSection
	GlobalSection(ProjectConfigurationPlatforms) = postSolution
		{8C80AE85-2E57-4BEA-9495-F9CF6D397E00}.Debug|Any CPU.ActiveCfg = Debug|Any CPU
		{8C80AE85-2E57-4BEA-9495-F9CF6D397E00}.Debug|Any CPU.Build.0 = Debug|Any CPU
		{8C80AE85-2E57-4BEA-9495-F9CF6D397E00}.Release|Any CPU.ActiveCfg = Release|Any CPU
		{8C80AE85-2E57-4BEA-9495-F9CF6D397E00}.Release|Any CPU.Build.0 = Release|Any CPU
		{24AD5F03-809F-48F3-B76E-5949486574C9}.Debug|Any CPU.ActiveCfg = Debug|Any CPU
		{24AD5F03-809F-48F3-B76E-5949486574C9}.Debug|Any CPU.Build.0 = Debug|Any CPU
		{24AD5F03-809F-48F3-B76E-5949486574C9}.Release|Any CPU.ActiveCfg = Release|Any CPU
		{24AD5F03-809F-48F3-B76E-5949486574C9}.Release|Any CPU.Build.0 = Release|Any CPU
		{C3B80021-4514-46B3-91FA-10FDD9B5598E}.Debug|Any CPU.ActiveCfg = Debug|Any CPU
		{C3B80021-4514-46B3-91FA-10FDD9B5598E}.Debug|Any CPU.Build.0 = Debug|Any CPU
		{C3B80021-4514-46B3-91FA-10FDD9B5598E}.Release|Any CPU.ActiveCfg = Release|Any CPU
		{C3B80021-4514-46B3-91FA-10FDD9B5598E}.Release|Any CPU.Build.0 = Release|Any CPU
	EndGlobalSection
	GlobalSection(SolutionProperties) = preSolution
		HideSolutionNode = FALSE
	EndGlobalSection
	GlobalSection(ExtensibilityGlobals) = postSolution
		SolutionGuid = {78A1E747-6A91-45EF-A108-B2CE80831E0C}
	EndGlobalSection
EndGlobal
